{
    "_readme": [
        "This file locks the dependencies of your project to a known state",
        "Read more about it at https://getcomposer.org/doc/01-basic-usage.md#composer-lock-the-lock-file",
        "This file is @generated automatically"
    ],
    "hash": "e37413b64af5ae22adc6531cc63e23ab",
    "content-hash": "166e156864153b725824e13b229d29f1",
    "packages": [
        {
            "name": "hungarofit/evaluator",
            "version": "v0.2.1",
            "source": {
                "type": "git",
                "url": "https://github.com/hungarofit/evaluator.git",
                "reference": "88fb9f3422d311b961219e526c4d241c6eee53cb"
            },
            "dist": {
                "type": "zip",
                "url": "https://api.github.com/repos/hungarofit/evaluator/zipball/88fb9f3422d311b961219e526c4d241c6eee53cb",
                "reference": "88fb9f3422d311b961219e526c4d241c6eee53cb",
                "shasum": ""
            },
            "require-dev": {
                "monger/spreadsheet-reader": "^1.0",
                "phpunit/phpunit": "^5.7"
            },
            "type": "library",
            "autoload": {
                "psr-4": {
                    "Hungarofit\\Evaluator\\": "src/Hungarofit/Evaluator"
                }
            },
            "notification-url": "https://packagist.org/downloads/",
            "license": [
                "Apache-2.0"
            ],
            "authors": [
                {
                    "name": "Lajos Bencz",
                    "email": "lazos@lazos.me"
                },
                {
                    "name": "Dr. Ildikó Mérey",
                    "email": "feherne.ildiko@kgk.uni-obuda.hu"
                }
            ],
            "description": "Hungarofit evaluator logic library for PHP",
            "time": "2017-11-10 22:55:04"
        }
    ],
    "packages-dev": [],
    "aliases": [],
    "minimum-stability": "stable",
    "stability-flags": [],
    "prefer-stable": false,
    "prefer-lowest": false,
    "platform": [],
    "platform-dev": []
}
