github.com/hungarofit/evaluator v1.0.1-0.20230714213038-a1b65518f47e h1:nroeMjvo/dP0ER5BqgDFYIg9F9QRkQIICGjDXMTLbpo=
github.com/hungarofit/evaluator v1.0.1-0.20230714213038-a1b65518f47e/go.mod h1:iG7jR813xSxGCNr/ckxkOm94dfwyZuveBR2mRymUrSM=
github.com/hungarofit/evaluator v1.0.1-0.20230714222601-175eb215993c h1:P71cuSqFgJqAHij9EVJsSj0GBCLpVGQDzdKGlk2y2OU=
github.com/hungarofit/evaluator v1.0.1-0.20230714222601-175eb215993c/go.mod h1:iG7jR813xSxGCNr/ckxkOm94dfwyZuveBR2mRymUrSM=
github.com/hungarofit/evaluator v1.0.1-0.20230714223111-36d57eba6323 h1:ILDipTfQx73zDWkKDHHO+El3OT+lTxjqS/NUtJUkZxQ=
github.com/hungarofit/evaluator v1.0.1-0.20230714223111-36d57eba6323/go.mod h1:iG7jR813xSxGCNr/ckxkOm94dfwyZuveBR2mRymUrSM=
github.com/hungarofit/evaluator v1.0.1-0.20230714224819-05419f6ee700 h1:OMXXOM1GRG68d9F4kseQXhum57SOrTk2iwhTEDT1Tzs=
github.com/hungarofit/evaluator v1.0.1-0.20230714224819-05419f6ee700/go.mod h1:iG7jR813xSxGCNr/ckxkOm94dfwyZuveBR2mRymUrSM=
